
Microsoft Visual Studio Solution File, Format Version 12.00
# Visual Studio 2013
VisualStudioVersion = 12.0.21005.1
MinimumVisualStudioVersion = 10.0.40219.1
Project("{FAE04EC0-301F-11D3-BF4B-00C04F79EFBC}") = "SistemaApartados", "SistemaApartados\SistemaApartados.csproj", "{A5D95665-C4A8-431F-971A-E0F1BA826932}"
EndProject
Project("{FAE04EC0-301F-11D3-BF4B-00C04F79EFBC}") = "Pruebaunitaria4", "Pruebaunitaria4\Pruebaunitaria4.csproj", "{A9FBA3D6-E216-4764-9760-84E764F83F93}"
EndProject
Global
	GlobalSection(SolutionConfigurationPlatforms) = preSolution
		Debug|Any CPU = Debug|Any CPU
		Debug|Mixed Platforms = Debug|Mixed Platforms
		Debug|x86 = Debug|x86
		Release|Any CPU = Release|Any CPU
		Release|Mixed Platforms = Release|Mixed Platforms
		Release|x86 = Release|x86
	EndGlobalSection
	GlobalSection(ProjectConfigurationPlatforms) = postSolution
		{A5D95665-C4A8-431F-971A-E0F1BA826932}.Debug|Any CPU.ActiveCfg = Debug|x86
		{A5D95665-C4A8-431F-971A-E0F1BA826932}.Debug|Mixed Platforms.ActiveCfg = Debug|x86
		{A5D95665-C4A8-431F-971A-E0F1BA826932}.Debug|Mixed Platforms.Build.0 = Debug|x86
		{A5D95665-C4A8-431F-971A-E0F1BA826932}.Debug|x86.ActiveCfg = Debug|x86
		{A5D95665-C4A8-431F-971A-E0F1BA826932}.Debug|x86.Build.0 = Debug|x86
		{A5D95665-C4A8-431F-971A-E0F1BA826932}.Release|Any CPU.ActiveCfg = Release|x86
		{A5D95665-C4A8-431F-971A-E0F1BA826932}.Release|Mixed Platforms.ActiveCfg = Release|x86
		{A5D95665-C4A8-431F-971A-E0F1BA826932}.Release|Mixed Platforms.Build.0 = Release|x86
		{A5D95665-C4A8-431F-971A-E0F1BA826932}.Release|x86.ActiveCfg = Release|x86
		{A5D95665-C4A8-431F-971A-E0F1BA826932}.Release|x86.Build.0 = Release|x86
		{A9FBA3D6-E216-4764-9760-84E764F83F93}.Debug|Any CPU.ActiveCfg = Debug|Any CPU
		{A9FBA3D6-E216-4764-9760-84E764F83F93}.Debug|Any CPU.Build.0 = Debug|Any CPU
		{A9FBA3D6-E216-4764-9760-84E764F83F93}.Debug|Mixed Platforms.ActiveCfg = Debug|Any CPU
		{A9FBA3D6-E216-4764-9760-84E764F83F93}.Debug|Mixed Platforms.Build.0 = Debug|Any CPU
		{A9FBA3D6-E216-4764-9760-84E764F83F93}.Debug|x86.ActiveCfg = Debug|Any CPU
		{A9FBA3D6-E216-4764-9760-84E764F83F93}.Release|Any CPU.ActiveCfg = Release|Any CPU
		{A9FBA3D6-E216-4764-9760-84E764F83F93}.Release|Any CPU.Build.0 = Release|Any CPU
		{A9FBA3D6-E216-4764-9760-84E764F83F93}.Release|Mixed Platforms.ActiveCfg = Release|Any CPU
		{A9FBA3D6-E216-4764-9760-84E764F83F93}.Release|Mixed Platforms.Build.0 = Release|Any CPU
		{A9FBA3D6-E216-4764-9760-84E764F83F93}.Release|x86.ActiveCfg = Release|Any CPU
	EndGlobalSection
	GlobalSection(SolutionProperties) = preSolution
		HideSolutionNode = FALSE
	EndGlobalSection
EndGlobal
